
Microsoft Visual Studio Solution File, Format Version 12.00
# Visual Studio Version 17
VisualStudioVersion = 17.5.002.0
MinimumVisualStudioVersion = 10.0.40219.1
Project("{2150E333-8FDC-42A3-9474-1A3956D46DE8}") = "csharp-prep", "csharp-prep", "{0D80EFE2-4F81-469D-8151-BE981750E1D7}"
EndProject
Project("{9A19103F-16F7-4668-BE54-9A1E7A4F7556}") = "Prep1", "csharp-prep\Prep1\Prep1.csproj", "{B02E6204-D60A-4BF1-8824-09D06202AF83}"
EndProject
Project("{9A19103F-16F7-4668-BE54-9A1E7A4F7556}") = "Prep2", "csharp-prep\Prep2\Prep2.csproj", "{2AF4DC7B-CF02-4E13-ACEC-DC3E1FAF2499}"
EndProject
Project("{9A19103F-16F7-4668-BE54-9A1E7A4F7556}") = "Prep3", "csharp-prep\Prep3\Prep3.csproj", "{A325F310-E939-4A71-9BB1-85787EE461BC}"
EndProject
Project("{9A19103F-16F7-4668-BE54-9A1E7A4F7556}") = "Prep4", "csharp-prep\Prep4\Prep4.csproj", "{A8DE0198-A961-49BE-8A53-97C808560FBC}"
EndProject
Project("{9A19103F-16F7-4668-BE54-9A1E7A4F7556}") = "Prep5", "csharp-prep\Prep5\Prep5.csproj", "{2880C77A-0BBD-4356-A592-EF0161C7330E}"
EndProject
Project("{2150E333-8FDC-42A3-9474-1A3956D46DE8}") = "final", "final", "{F4E72255-F6FD-4648-B647-6ED03DD4E969}"
EndProject
Project("{9A19103F-16F7-4668-BE54-9A1E7A4F7556}") = "FinalProject", "final\FinalProject\FinalProject.csproj", "{485C9558-12C4-4C79-A133-364BE745E518}"
EndProject
Project("{9A19103F-16F7-4668-BE54-9A1E7A4F7556}") = "Foundation1", "final\Foundation1\Foundation1.csproj", "{4152AB89-9484-48E8-9B85-7A51A1889EA7}"
EndProject
Project("{9A19103F-16F7-4668-BE54-9A1E7A4F7556}") = "Foundation2", "final\Foundation2\Foundation2.csproj", "{11FC538A-2A60-4397-829E-B230098AAB1A}"
EndProject
Project("{9A19103F-16F7-4668-BE54-9A1E7A4F7556}") = "Foundation3", "final\Foundation3\Foundation3.csproj", "{EFF6F938-ACB9-4098-A3B6-B8C84A9F9E6E}"
EndProject
Project("{9A19103F-16F7-4668-BE54-9A1E7A4F7556}") = "Foundation4", "final\Foundation4\Foundation4.csproj", "{72A4E64F-807C-40DB-9BC4-6541E9F30AC8}"
EndProject
Project("{2150E333-8FDC-42A3-9474-1A3956D46DE8}") = "prepare", "prepare", "{C295F89F-EE7D-4644-8F95-21885C241C25}"
EndProject
Project("{9A19103F-16F7-4668-BE54-9A1E7A4F7556}") = "Learning02", "prepare\Learning02\Learning02.csproj", "{97838384-DE26-47EB-8A42-B7D0C4919DAE}"
EndProject
Project("{9A19103F-16F7-4668-BE54-9A1E7A4F7556}") = "Learning03", "prepare\Learning03\Learning03.csproj", "{64D004EC-1614-4EB4-B161-5B187F0FD195}"
EndProject
Project("{9A19103F-16F7-4668-BE54-9A1E7A4F7556}") = "Learning04", "prepare\Learning04\Learning04.csproj", "{32837AAE-F6F6-4E86-B668-301923B6DDD4}"
EndProject
Project("{9A19103F-16F7-4668-BE54-9A1E7A4F7556}") = "Learning05", "prepare\Learning05\Learning05.csproj", "{1F2615ED-23F8-420D-9078-DD0938FB92B0}"
EndProject
Project("{2150E333-8FDC-42A3-9474-1A3956D46DE8}") = "prove", "prove", "{CD8E9951-39E1-4A6E-9DBB-6C03885C7432}"
EndProject
Project("{9A19103F-16F7-4668-BE54-9A1E7A4F7556}") = "Develop02", "prove\Develop02\Develop02.csproj", "{0213005B-19D5-47C8-97E9-1E02766FED63}"
EndProject
Project("{9A19103F-16F7-4668-BE54-9A1E7A4F7556}") = "Develop03", "prove\Develop03\Develop03.csproj", "{FADB5CE1-11D6-41E3-BF2C-B65CFC6B696F}"
EndProject
Project("{9A19103F-16F7-4668-BE54-9A1E7A4F7556}") = "Develop04", "prove\Develop04\Develop04.csproj", "{1976CB3F-FC54-46C1-AFC0-E05FD6E61271}"
EndProject
Project("{9A19103F-16F7-4668-BE54-9A1E7A4F7556}") = "Develop05", "prove\Develop05\Develop05.csproj", "{F6C76E44-011A-4C5E-9D53-6E655EE1BB48}"
EndProject
Project("{2150E333-8FDC-42A3-9474-1A3956D46DE8}") = "sandbox", "sandbox", "{274BF5EE-5E43-4BA3-BE75-2C78A093B80E}"
EndProject
Project("{9A19103F-16F7-4668-BE54-9A1E7A4F7556}") = "Sandbox", "sandbox\Sandbox\Sandbox.csproj", "{EFCF06A1-DCC1-4667-8E45-E4B874A9E017}"
EndProject
Global
	GlobalSection(SolutionConfigurationPlatforms) = preSolution
		Debug|Any CPU = Debug|Any CPU
		Release|Any CPU = Release|Any CPU
	EndGlobalSection
	GlobalSection(ProjectConfigurationPlatforms) = postSolution
		{B02E6204-D60A-4BF1-8824-09D06202AF83}.Debug|Any CPU.ActiveCfg = Debug|Any CPU
		{B02E6204-D60A-4BF1-8824-09D06202AF83}.Debug|Any CPU.Build.0 = Debug|Any CPU
		{B02E6204-D60A-4BF1-8824-09D06202AF83}.Release|Any CPU.ActiveCfg = Release|Any CPU
		{B02E6204-D60A-4BF1-8824-09D06202AF83}.Release|Any CPU.Build.0 = Release|Any CPU
		{2AF4DC7B-CF02-4E13-ACEC-DC3E1FAF2499}.Debug|Any CPU.ActiveCfg = Debug|Any CPU
		{2AF4DC7B-CF02-4E13-ACEC-DC3E1FAF2499}.Debug|Any CPU.Build.0 = Debug|Any CPU
		{2AF4DC7B-CF02-4E13-ACEC-DC3E1FAF2499}.Release|Any CPU.ActiveCfg = Release|Any CPU
		{2AF4DC7B-CF02-4E13-ACEC-DC3E1FAF2499}.Release|Any CPU.Build.0 = Release|Any CPU
		{A325F310-E939-4A71-9BB1-85787EE461BC}.Debug|Any CPU.ActiveCfg = Debug|Any CPU
		{A325F310-E939-4A71-9BB1-85787EE461BC}.Debug|Any CPU.Build.0 = Debug|Any CPU
		{A325F310-E939-4A71-9BB1-85787EE461BC}.Release|Any CPU.ActiveCfg = Release|Any CPU
		{A325F310-E939-4A71-9BB1-85787EE461BC}.Release|Any CPU.Build.0 = Release|Any CPU
		{A8DE0198-A961-49BE-8A53-97C808560FBC}.Debug|Any CPU.ActiveCfg = Debug|Any CPU
		{A8DE0198-A961-49BE-8A53-97C808560FBC}.Debug|Any CPU.Build.0 = Debug|Any CPU
		{A8DE0198-A961-49BE-8A53-97C808560FBC}.Release|Any CPU.ActiveCfg = Release|Any CPU
		{A8DE0198-A961-49BE-8A53-97C808560FBC}.Release|Any CPU.Build.0 = Release|Any CPU
		{2880C77A-0BBD-4356-A592-EF0161C7330E}.Debug|Any CPU.ActiveCfg = Debug|Any CPU
		{2880C77A-0BBD-4356-A592-EF0161C7330E}.Debug|Any CPU.Build.0 = Debug|Any CPU
		{2880C77A-0BBD-4356-A592-EF0161C7330E}.Release|Any CPU.ActiveCfg = Release|Any CPU
		{2880C77A-0BBD-4356-A592-EF0161C7330E}.Release|Any CPU.Build.0 = Release|Any CPU
		{485C9558-12C4-4C79-A133-364BE745E518}.Debug|Any CPU.ActiveCfg = Debug|Any CPU
		{485C9558-12C4-4C79-A133-364BE745E518}.Debug|Any CPU.Build.0 = Debug|Any CPU
		{485C9558-12C4-4C79-A133-364BE745E518}.Release|Any CPU.ActiveCfg = Release|Any CPU
		{485C9558-12C4-4C79-A133-364BE745E518}.Release|Any CPU.Build.0 = Release|Any CPU
		{4152AB89-9484-48E8-9B85-7A51A1889EA7}.Debug|Any CPU.ActiveCfg = Debug|Any CPU
		{4152AB89-9484-48E8-9B85-7A51A1889EA7}.Debug|Any CPU.Build.0 = Debug|Any CPU
		{4152AB89-9484-48E8-9B85-7A51A1889EA7}.Release|Any CPU.ActiveCfg = Release|Any CPU
		{4152AB89-9484-48E8-9B85-7A51A1889EA7}.Release|Any CPU.Build.0 = Release|Any CPU
		{11FC538A-2A60-4397-829E-B230098AAB1A}.Debug|Any CPU.ActiveCfg = Debug|Any CPU
		{11FC538A-2A60-4397-829E-B230098AAB1A}.Debug|Any CPU.Build.0 = Debug|Any CPU
		{11FC538A-2A60-4397-829E-B230098AAB1A}.Release|Any CPU.ActiveCfg = Release|Any CPU
		{11FC538A-2A60-4397-829E-B230098AAB1A}.Release|Any CPU.Build.0 = Release|Any CPU
		{EFF6F938-ACB9-4098-A3B6-B8C84A9F9E6E}.Debug|Any CPU.ActiveCfg = Debug|Any CPU
		{EFF6F938-ACB9-4098-A3B6-B8C84A9F9E6E}.Debug|Any CPU.Build.0 = Debug|Any CPU
		{EFF6F938-ACB9-4098-A3B6-B8C84A9F9E6E}.Release|Any CPU.ActiveCfg = Release|Any CPU
		{EFF6F938-ACB9-4098-A3B6-B8C84A9F9E6E}.Release|Any CPU.Build.0 = Release|Any CPU
		{72A4E64F-807C-40DB-9BC4-6541E9F30AC8}.Debug|Any CPU.ActiveCfg = Debug|Any CPU
		{72A4E64F-807C-40DB-9BC4-6541E9F30AC8}.Debug|Any CPU.Build.0 = Debug|Any CPU
		{72A4E64F-807C-40DB-9BC4-6541E9F30AC8}.Release|Any CPU.ActiveCfg = Release|Any CPU
		{72A4E64F-807C-40DB-9BC4-6541E9F30AC8}.Release|Any CPU.Build.0 = Release|Any CPU
		{97838384-DE26-47EB-8A42-B7D0C4919DAE}.Debug|Any CPU.ActiveCfg = Debug|Any CPU
		{97838384-DE26-47EB-8A42-B7D0C4919DAE}.Debug|Any CPU.Build.0 = Debug|Any CPU
		{97838384-DE26-47EB-8A42-B7D0C4919DAE}.Release|Any CPU.ActiveCfg = Release|Any CPU
		{97838384-DE26-47EB-8A42-B7D0C4919DAE}.Release|Any CPU.Build.0 = Release|Any CPU
		{64D004EC-1614-4EB4-B161-5B187F0FD195}.Debug|Any CPU.ActiveCfg = Debug|Any CPU
		{64D004EC-1614-4EB4-B161-5B187F0FD195}.Debug|Any CPU.Build.0 = Debug|Any CPU
		{64D004EC-1614-4EB4-B161-5B187F0FD195}.Release|Any CPU.ActiveCfg = Release|Any CPU
		{64D004EC-1614-4EB4-B161-5B187F0FD195}.Release|Any CPU.Build.0 = Release|Any CPU
		{32837AAE-F6F6-4E86-B668-301923B6DDD4}.Debug|Any CPU.ActiveCfg = Debug|Any CPU
		{32837AAE-F6F6-4E86-B668-301923B6DDD4}.Debug|Any CPU.Build.0 = Debug|Any CPU
		{32837AAE-F6F6-4E86-B668-301923B6DDD4}.Release|Any CPU.ActiveCfg = Release|Any CPU
		{32837AAE-F6F6-4E86-B668-301923B6DDD4}.Release|Any CPU.Build.0 = Release|Any CPU
		{1F2615ED-23F8-420D-9078-DD0938FB92B0}.Debug|Any CPU.ActiveCfg = Debug|Any CPU
		{1F2615ED-23F8-420D-9078-DD0938FB92B0}.Debug|Any CPU.Build.0 = Debug|Any CPU
		{1F2615ED-23F8-420D-9078-DD0938FB92B0}.Release|Any CPU.ActiveCfg = Release|Any CPU
		{1F2615ED-23F8-420D-9078-DD0938FB92B0}.Release|Any CPU.Build.0 = Release|Any CPU
		{0213005B-19D5-47C8-97E9-1E02766FED63}.Debug|Any CPU.ActiveCfg = Debug|Any CPU
		{0213005B-19D5-47C8-97E9-1E02766FED63}.Debug|Any CPU.Build.0 = Debug|Any CPU
		{0213005B-19D5-47C8-97E9-1E02766FED63}.Release|Any CPU.ActiveCfg = Release|Any CPU
		{0213005B-19D5-47C8-97E9-1E02766FED63}.Release|Any CPU.Build.0 = Release|Any CPU
		{FADB5CE1-11D6-41E3-BF2C-B65CFC6B696F}.Debug|Any CPU.ActiveCfg = Debug|Any CPU
		{FADB5CE1-11D6-41E3-BF2C-B65CFC6B696F}.Debug|Any CPU.Build.0 = Debug|Any CPU
		{FADB5CE1-11D6-41E3-BF2C-B65CFC6B696F}.Release|Any CPU.ActiveCfg = Release|Any CPU
		{FADB5CE1-11D6-41E3-BF2C-B65CFC6B696F}.Release|Any CPU.Build.0 = Release|Any CPU
		{1976CB3F-FC54-46C1-AFC0-E05FD6E61271}.Debug|Any CPU.ActiveCfg = Debug|Any CPU
		{1976CB3F-FC54-46C1-AFC0-E05FD6E61271}.Debug|Any CPU.Build.0 = Debug|Any CPU
		{1976CB3F-FC54-46C1-AFC0-E05FD6E61271}.Release|Any CPU.ActiveCfg = Release|Any CPU
		{1976CB3F-FC54-46C1-AFC0-E05FD6E61271}.Release|Any CPU.Build.0 = Release|Any CPU
		{F6C76E44-011A-4C5E-9D53-6E655EE1BB48}.Debug|Any CPU.ActiveCfg = Debug|Any CPU
		{F6C76E44-011A-4C5E-9D53-6E655EE1BB48}.Debug|Any CPU.Build.0 = Debug|Any CPU
		{F6C76E44-011A-4C5E-9D53-6E655EE1BB48}.Release|Any CPU.ActiveCfg = Release|Any CPU
		{F6C76E44-011A-4C5E-9D53-6E655EE1BB48}.Release|Any CPU.Build.0 = Release|Any CPU
		{EFCF06A1-DCC1-4667-8E45-E4B874A9E017}.Debug|Any CPU.ActiveCfg = Debug|Any CPU
		{EFCF06A1-DCC1-4667-8E45-E4B874A9E017}.Debug|Any CPU.Build.0 = Debug|Any CPU
		{EFCF06A1-DCC1-4667-8E45-E4B874A9E017}.Release|Any CPU.ActiveCfg = Release|Any CPU
		{EFCF06A1-DCC1-4667-8E45-E4B874A9E017}.Release|Any CPU.Build.0 = Release|Any CPU
	EndGlobalSection
	GlobalSection(SolutionProperties) = preSolution
		HideSolutionNode = FALSE
	EndGlobalSection
	GlobalSection(NestedProjects) = preSolution
		{B02E6204-D60A-4BF1-8824-09D06202AF83} = {0D80EFE2-4F81-469D-8151-BE981750E1D7}
		{2AF4DC7B-CF02-4E13-ACEC-DC3E1FAF2499} = {0D80EFE2-4F81-469D-8151-BE981750E1D7}
		{A325F310-E939-4A71-9BB1-85787EE461BC} = {0D80EFE2-4F81-469D-8151-BE981750E1D7}
		{A8DE0198-A961-49BE-8A53-97C808560FBC} = {0D80EFE2-4F81-469D-8151-BE981750E1D7}
		{2880C77A-0BBD-4356-A592-EF0161C7330E} = {0D80EFE2-4F81-469D-8151-BE981750E1D7}
		{485C9558-12C4-4C79-A133-364BE745E518} = {F4E72255-F6FD-4648-B647-6ED03DD4E969}
		{4152AB89-9484-48E8-9B85-7A51A1889EA7} = {F4E72255-F6FD-4648-B647-6ED03DD4E969}
		{11FC538A-2A60-4397-829E-B230098AAB1A} = {F4E72255-F6FD-4648-B647-6ED03DD4E969}
		{EFF6F938-ACB9-4098-A3B6-B8C84A9F9E6E} = {F4E72255-F6FD-4648-B647-6ED03DD4E969}
		{72A4E64F-807C-40DB-9BC4-6541E9F30AC8} = {F4E72255-F6FD-4648-B647-6ED03DD4E969}
		{97838384-DE26-47EB-8A42-B7D0C4919DAE} = {C295F89F-EE7D-4644-8F95-21885C241C25}
		{64D004EC-1614-4EB4-B161-5B187F0FD195} = {C295F89F-EE7D-4644-8F95-21885C241C25}
		{32837AAE-F6F6-4E86-B668-301923B6DDD4} = {C295F89F-EE7D-4644-8F95-21885C241C25}
		{1F2615ED-23F8-420D-9078-DD0938FB92B0} = {C295F89F-EE7D-4644-8F95-21885C241C25}
		{0213005B-19D5-47C8-97E9-1E02766FED63} = {CD8E9951-39E1-4A6E-9DBB-6C03885C7432}
		{FADB5CE1-11D6-41E3-BF2C-B65CFC6B696F} = {CD8E9951-39E1-4A6E-9DBB-6C03885C7432}
		{1976CB3F-FC54-46C1-AFC0-E05FD6E61271} = {CD8E9951-39E1-4A6E-9DBB-6C03885C7432}
		{F6C76E44-011A-4C5E-9D53-6E655EE1BB48} = {CD8E9951-39E1-4A6E-9DBB-6C03885C7432}
		{EFCF06A1-DCC1-4667-8E45-E4B874A9E017} = {274BF5EE-5E43-4BA3-BE75-2C78A093B80E}
	EndGlobalSection
	GlobalSection(ExtensibilityGlobals) = postSolution
		SolutionGuid = {C2007562-5260-4C23-84B1-0D759238354F}
	EndGlobalSection
EndGlobal
